
Microsoft Visual Studio Solution File, Format Version 12.00
# Visual Studio Version 17
VisualStudioVersion = 17.8.34205.153
MinimumVisualStudioVersion = 10.0.40219.1
Project("{FAE04EC0-301F-11D3-BF4B-00C04F79EFBC}") = "BasicTournament-System", "BasicTournament-System.csproj", "{A8138864-A19D-44E0-BB9A-C852E8082C44}"
EndProject
Global
	GlobalSection(SolutionConfigurationPlatforms) = preSolution
		Debug|Any CPU = Debug|Any CPU
		Release|Any CPU = Release|Any CPU
	EndGlobalSection
	GlobalSection(ProjectConfigurationPlatforms) = postSolution
		{A8138864-A19D-44E0-BB9A-C852E8082C44}.Debug|Any CPU.ActiveCfg = Debug|Any CPU
		{A8138864-A19D-44E0-BB9A-C852E8082C44}.Debug|Any CPU.Build.0 = Debug|Any CPU
		{A8138864-A19D-44E0-BB9A-C852E8082C44}.Release|Any CPU.ActiveCfg = Release|Any CPU
		{A8138864-A19D-44E0-BB9A-C852E8082C44}.Release|Any CPU.Build.0 = Release|Any CPU
	EndGlobalSection
	GlobalSection(SolutionProperties) = preSolution
		HideSolutionNode = FALSE
	EndGlobalSection
	GlobalSection(ExtensibilityGlobals) = postSolution
		SolutionGuid = {7B103783-5E56-4D7D-8908-B077A8DAE0C7}
	EndGlobalSection
EndGlobal
